
Microsoft Visual Studio Solution File, Format Version 12.00
# Visual Studio Version 17
VisualStudioVersion = 17.9.34616.47
MinimumVisualStudioVersion = 10.0.40219.1
Project("{9A19103F-16F7-4668-BE54-9A1E7A4F7556}") = "FinanceApp", "FinanceApp\FinanceApp.csproj", "{22BBEABA-03A0-4EEC-8034-B773D6DDE72B}"
EndProject
Global
	GlobalSection(SolutionConfigurationPlatforms) = preSolution
		Debug|Any CPU = Debug|Any CPU
		Release|Any CPU = Release|Any CPU
	EndGlobalSection
	GlobalSection(ProjectConfigurationPlatforms) = postSolution
		{22BBEABA-03A0-4EEC-8034-B773D6DDE72B}.Debug|Any CPU.ActiveCfg = Debug|Any CPU
		{22BBEABA-03A0-4EEC-8034-B773D6DDE72B}.Debug|Any CPU.Build.0 = Debug|Any CPU
		{22BBEABA-03A0-4EEC-8034-B773D6DDE72B}.Debug|Any CPU.Deploy.0 = Debug|Any CPU
		{22BBEABA-03A0-4EEC-8034-B773D6DDE72B}.Release|Any CPU.ActiveCfg = Release|Any CPU
		{22BBEABA-03A0-4EEC-8034-B773D6DDE72B}.Release|Any CPU.Build.0 = Release|Any CPU
		{22BBEABA-03A0-4EEC-8034-B773D6DDE72B}.Release|Any CPU.Deploy.0 = Release|Any CPU
	EndGlobalSection
	GlobalSection(SolutionProperties) = preSolution
		HideSolutionNode = FALSE
	EndGlobalSection
	GlobalSection(ExtensibilityGlobals) = postSolution
		SolutionGuid = {6CC8EA6A-270B-4902-AAF7-6378922881EA}
	EndGlobalSection
EndGlobal
